// !$*UTF8*$!
{
	archiveVersion = 1;
	classes = {
	};
	objectVersion = 77;
	objects = {

/* Begin PBXBuildFile section */
		0151543DF9C962D18EA3EA2A /* TurfmappExpenseReportApp.swift in Sources */ = {isa = PBXBuildFile; fileRef = 6F096F243857EBABB4129FEC /* TurfmappExpenseReportApp.swift */; };
		020D61D76EEC8BD918D7AA6F /* MoneyAmountTests.swift in Sources */ = {isa = PBXBuildFile; fileRef = 3C5CFE6D9BFCF255BF6E508B /* MoneyAmountTests.swift */; };
		033FAA81CA463676F32438FF /* DraftsCard.swift in Sources */ = {isa = PBXBuildFile; fileRef = 7308954FD71CE684A0764452 /* DraftsCard.swift */; };
		0581D62D224E38D8E3201A9D /* ProfileView.swift in Sources */ = {isa = PBXBuildFile; fileRef = 4F7038F8122D513472A92656 /* ProfileView.swift */; };
		0982BE8186C0B5D411254834 /* AppConfig.local.xcconfig.example in Resources */ = {isa = PBXBuildFile; fileRef = FF8327C50FEE23C95BB2274C /* AppConfig.local.xcconfig.example */; };
		0BB124B943DB99FE4645B745 /* ReportPDFRenderer.swift in Sources */ = {isa = PBXBuildFile; fileRef = E6B134195922AD7F8925BE7C /* ReportPDFRenderer.swift */; };
		16AFC42C4F44934D90CD8C68 /* ManagerOverviewView.swift in Sources */ = {isa = PBXBuildFile; fileRef = D53DEF6879D81BC1B1ED4918 /* ManagerOverviewView.swift */; };
		1EBDAF336E8CB243B5BF07D1 /* ReviewView.swift in Sources */ = {isa = PBXBuildFile; fileRef = 67EC6D7BD90D039BB416ED74 /* ReviewView.swift */; };
		2493E01868B610DD3193D13D /* HomeView.swift in Sources */ = {isa = PBXBuildFile; fileRef = EB3C217BB946FC793FCE5377 /* HomeView.swift */; };
		27BE218D218C12D24E764985 /* AppTheme.swift in Sources */ = {isa = PBXBuildFile; fileRef = 29437C36AF260B6783FA3947 /* AppTheme.swift */; };
		2A38DBEAE2ACA435E822BB54 /* ManageProjectsView.swift in Sources */ = {isa = PBXBuildFile; fileRef = 38CFAE9C5DE3B638DCBBB2C0 /* ManageProjectsView.swift */; };
		2F34697B2E31FBBCFBE5DAA8 /* ExpenseWorkflow.swift in Sources */ = {isa = PBXBuildFile; fileRef = 057E30DAAC213F6C11654F4F /* ExpenseWorkflow.swift */; };
		316F8FA301DEBD3B60C8FE6C /* ExpenseWorkflowTests.swift in Sources */ = {isa = PBXBuildFile; fileRef = 65032653E0FA8C25647EE99C /* ExpenseWorkflowTests.swift */; };
		31D7DA90A3344E0B9C7C0A18 /* SocialAuth.swift in Sources */ = {isa = PBXBuildFile; fileRef = 777BB0E474A49438A6041E44 /* SocialAuth.swift */; };
		33D75A9DB439478097014021 /* AppEnvironment.swift in Sources */ = {isa = PBXBuildFile; fileRef = 6ABE7DE6913E857B352AF659 /* AppEnvironment.swift */; };
		40834B5A7CB85792D6B041B7 /* GlassCard.swift in Sources */ = {isa = PBXBuildFile; fileRef = 8AD5CF1776B4AC4DC5CEF654 /* GlassCard.swift */; };
		443FA1297503350D3A53D578 /* StatusPill.swift in Sources */ = {isa = PBXBuildFile; fileRef = 231934AADFA8013182DE19B6 /* StatusPill.swift */; };
		45A49085C87D7679952C460E /* PermissionMatrixTests.swift in Sources */ = {isa = PBXBuildFile; fileRef = 5DA4C973EC4A0EC46FB9BA9D /* PermissionMatrixTests.swift */; };
		4D237D0C9EBF4614E552C27D /* PrivacyInfo.xcprivacy in Resources */ = {isa = PBXBuildFile; fileRef = DFC9332727178E8AD0815326 /* PrivacyInfo.xcprivacy */; };
		4DDED493FFFA0D6DAAFE572B /* DashboardView.swift in Sources */ = {isa = PBXBuildFile; fileRef = DB435F138568CD4F6440FBDF /* DashboardView.swift */; };
		546EE9DDF80D2E7BCE725870 /* ErrorToast.swift in Sources */ = {isa = PBXBuildFile; fileRef = 25E2BA8292189321FFEBB345 /* ErrorToast.swift */; };
		555469A5FCC5089B0EE32506 /* Localizable.strings in Resources */ = {isa = PBXBuildFile; fileRef = 3934E66267FB647ABA10BE72 /* Localizable.strings */; };
		569C68CB4BF98A9C5E3B84D5 /* FeatureTour.swift in Sources */ = {isa = PBXBuildFile; fileRef = 6D17D771B2C971AB6E5D3983 /* FeatureTour.swift */; };
		5A6E411E3F13C60CE06D5433 /* Avatar.swift in Sources */ = {isa = PBXBuildFile; fileRef = CA4CB3A46FA47E4715A510B1 /* Avatar.swift */; };
		5D5D8C1FC9CA7F24D41815A7 /* RootShell.swift in Sources */ = {isa = PBXBuildFile; fileRef = 536DAABDF76A6F8DFD29DEEF /* RootShell.swift */; };
		5FB4E6907640C710222DF67F /* PermissionsView.swift in Sources */ = {isa = PBXBuildFile; fileRef = 649767E02DA13AB1CCBFD0E9 /* PermissionsView.swift */; };
		67ED7DE76414015E057C2A14 /* CurrencyConverterTests.swift in Sources */ = {isa = PBXBuildFile; fileRef = 3593F38A94DB7C0CEF3BDD1F /* CurrencyConverterTests.swift */; };
		6AB7179CAE8A2F529FDB3B08 /* StatusPresentationTests.swift in Sources */ = {isa = PBXBuildFile; fileRef = 7DCA382B613E7898446D5C53 /* StatusPresentationTests.swift */; };
		73A10FB553C3D1261061CB5D /* BottomTabBar.swift in Sources */ = {isa = PBXBuildFile; fileRef = 8941FC76E8EADAC392D24D4C /* BottomTabBar.swift */; };
		7448C44EE0C996244E94403C /* RepositoryAppState.swift in Sources */ = {isa = PBXBuildFile; fileRef = E6C1348EECDE16A1827E2010 /* RepositoryAppState.swift */; };
		7B5B624A8A5048AEBDC306D7 /* OnboardingFlow.swift in Sources */ = {isa = PBXBuildFile; fileRef = 2F5EE3FE32C4F519E6DA9F5F /* OnboardingFlow.swift */; };
		7E9A53D69CC02AA267DE44B4 /* RepositoryContracts.swift in Sources */ = {isa = PBXBuildFile; fileRef = D246FB0AA3C57CF36D9B46F7 /* RepositoryContracts.swift */; };
		880939B2325C01B52314CBAD /* ExpensePresentationTests.swift in Sources */ = {isa = PBXBuildFile; fileRef = 4DFD149BB0104E1ED7E06542 /* ExpensePresentationTests.swift */; };
		8858609ADB8E2DD0999CB960 /* WorkflowEdgeCaseTests.swift in Sources */ = {isa = PBXBuildFile; fileRef = BEE31180D60EFA1E623F42E8 /* WorkflowEdgeCaseTests.swift */; };
		88A127235B82BCB09DDEAC7C /* MockRepositories.swift in Sources */ = {isa = PBXBuildFile; fileRef = A2E1528C7366ED9C0B1743FF /* MockRepositories.swift */; };
		8A947B9E1950ADE1A9284C78 /* FXAggregationTests.swift in Sources */ = {isa = PBXBuildFile; fileRef = 466EE58810E6FB5656121C98 /* FXAggregationTests.swift */; };
		916271724F6586B58CC7D66C /* LocalizationManager.swift in Sources */ = {isa = PBXBuildFile; fileRef = FF6E88799E3A97175A67C294 /* LocalizationManager.swift */; };
		98000D0F105320FD2AEF70B2 /* SubmitView.swift in Sources */ = {isa = PBXBuildFile; fileRef = 38494852C1A233217A4B4CAF /* SubmitView.swift */; };
		A9F8FDD9BFBD4C1BEC6A4ABF /* DomainPresentation.swift in Sources */ = {isa = PBXBuildFile; fileRef = 0B483F7B06ED933848952D5F /* DomainPresentation.swift */; };
		BFBB382222740FBED587AC44 /* SocialAuthButtons.swift in Sources */ = {isa = PBXBuildFile; fileRef = BDF7A75B1F90F57756C02336 /* SocialAuthButtons.swift */; };
		C6DD40BF0F22226F17CD100B /* Charts.swift in Sources */ = {isa = PBXBuildFile; fileRef = 3CCE3D5DFB96304D91AC7BF2 /* Charts.swift */; };
		C74D1D05A2740E2F343FCA4D /* V1Domain.swift in Sources */ = {isa = PBXBuildFile; fileRef = 9D1A529E6050B7B6F915F71D /* V1Domain.swift */; };
		CC9FDDC6A08A8B2C2D9A3B8A /* MockData.swift in Sources */ = {isa = PBXBuildFile; fileRef = 5FC5205A5E412F3544FBF6C8 /* MockData.swift */; };
		D577E2515650656DF3A7B9F5 /* ActivityView.swift in Sources */ = {isa = PBXBuildFile; fileRef = BFCEF355C532DA04E3146431 /* ActivityView.swift */; };
		D81A57A8F08D8D3AD7B5844E /* DomainDetailView.swift in Sources */ = {isa = PBXBuildFile; fileRef = 5B488DCADA8C68BFA0360E5C /* DomainDetailView.swift */; };
		D9CB48D5495FA003F53A9239 /* SupabaseRepositories.swift in Sources */ = {isa = PBXBuildFile; fileRef = E267442BEA226AA91190BCA2 /* SupabaseRepositories.swift */; };
		E2AEB90BAA59D991DEBC2879 /* SheetScaffold.swift in Sources */ = {isa = PBXBuildFile; fileRef = A837937D2F03688BEFA10820 /* SheetScaffold.swift */; };
		E4E2E3CF2031D2A9C6B0A3CD /* Tokens.swift in Sources */ = {isa = PBXBuildFile; fileRef = 2C580869F5B6FF78D1128C4E /* Tokens.swift */; };
		EB6D7FEB39BE53D706FD6259 /* CurrencyConverter.swift in Sources */ = {isa = PBXBuildFile; fileRef = 1318FEF50B5EA3EAB23F8E7F /* CurrencyConverter.swift */; };
		EBDA7A1CA4F408572CA28FAB /* Assets.xcassets in Resources */ = {isa = PBXBuildFile; fileRef = DBA109009158416677C78BCB /* Assets.xcassets */; };
		F2A21797BBFB2DFBB4576CA6 /* Models.swift in Sources */ = {isa = PBXBuildFile; fileRef = 0E14C7927495CDE1F99FD155 /* Models.swift */; };
		F3D5762DEDA636BC548F7302 /* AppDelegate.swift in Sources */ = {isa = PBXBuildFile; fileRef = 022A372760DA74B70F88A83C /* AppDelegate.swift */; };
		F942E039A6A466F2799EE142 /* BudgetTrackingTests.swift in Sources */ = {isa = PBXBuildFile; fileRef = 7ED53BC4E511F04457682A55 /* BudgetTrackingTests.swift */; };
		FB7E8551063B68B57E87D042 /* ExpenseDetailSheets.swift in Sources */ = {isa = PBXBuildFile; fileRef = FB786F0B93004A9DD24F8F97 /* ExpenseDetailSheets.swift */; };
/* End PBXBuildFile section */

/* Begin PBXContainerItemProxy section */
		2489748B8DC8B5DDB241B1AC /* PBXContainerItemProxy */ = {
			isa = PBXContainerItemProxy;
			containerPortal = F87CD921F1B2C226CD91519C /* Project object */;
			proxyType = 1;
			remoteGlobalIDString = 5A5AD32FED04F0A458E19D94;
			remoteInfo = TurfmappExpenseReport;
		};
/* End PBXContainerItemProxy section */

/* Begin PBXFileReference section */
		022A372760DA74B70F88A83C /* AppDelegate.swift */ = {isa = PBXFileReference; lastKnownFileType = sourcecode.swift; path = AppDelegate.swift; sourceTree = "<group>"; };
		057E30DAAC213F6C11654F4F /* ExpenseWorkflow.swift */ = {isa = PBXFileReference; lastKnownFileType = sourcecode.swift; path = ExpenseWorkflow.swift; sourceTree = "<group>"; };
		0B483F7B06ED933848952D5F /* DomainPresentation.swift */ = {isa = PBXFileReference; lastKnownFileType = sourcecode.swift; path = DomainPresentation.swift; sourceTree = "<group>"; };
		0E14C7927495CDE1F99FD155 /* Models.swift */ = {isa = PBXFileReference; lastKnownFileType = sourcecode.swift; path = Models.swift; sourceTree = "<group>"; };
		1318FEF50B5EA3EAB23F8E7F /* CurrencyConverter.swift */ = {isa = PBXFileReference; lastKnownFileType = sourcecode.swift; path = CurrencyConverter.swift; sourceTree = "<group>"; };
		231934AADFA8013182DE19B6 /* StatusPill.swift */ = {isa = PBXFileReference; lastKnownFileType = sourcecode.swift; path = StatusPill.swift; sourceTree = "<group>"; };
		2360D5D3F26299AE4D322585 /* TurfmappExpenseReport.app */ = {isa = PBXFileReference; explicitFileType = wrapper.application; includeInIndex = 0; path = TurfmappExpenseReport.app; sourceTree = BUILT_PRODUCTS_DIR; };
		25E2BA8292189321FFEBB345 /* ErrorToast.swift */ = {isa = PBXFileReference; lastKnownFileType = sourcecode.swift; path = ErrorToast.swift; sourceTree = "<group>"; };
		29437C36AF260B6783FA3947 /* AppTheme.swift */ = {isa = PBXFileReference; lastKnownFileType = sourcecode.swift; path = AppTheme.swift; sourceTree = "<group>"; };
		2C580869F5B6FF78D1128C4E /* Tokens.swift */ = {isa = PBXFileReference; lastKnownFileType = sourcecode.swift; path = Tokens.swift; sourceTree = "<group>"; };
		2F5EE3FE32C4F519E6DA9F5F /* OnboardingFlow.swift */ = {isa = PBXFileReference; lastKnownFileType = sourcecode.swift; path = OnboardingFlow.swift; sourceTree = "<group>"; };
		3593F38A94DB7C0CEF3BDD1F /* CurrencyConverterTests.swift */ = {isa = PBXFileReference; lastKnownFileType = sourcecode.swift; path = CurrencyConverterTests.swift; sourceTree = "<group>"; };
		38494852C1A233217A4B4CAF /* SubmitView.swift */ = {isa = PBXFileReference; lastKnownFileType = sourcecode.swift; path = SubmitView.swift; sourceTree = "<group>"; };
		38CFAE9C5DE3B638DCBBB2C0 /* ManageProjectsView.swift */ = {isa = PBXFileReference; lastKnownFileType = sourcecode.swift; path = ManageProjectsView.swift; sourceTree = "<group>"; };
		3C5CFE6D9BFCF255BF6E508B /* MoneyAmountTests.swift */ = {isa = PBXFileReference; lastKnownFileType = sourcecode.swift; path = MoneyAmountTests.swift; sourceTree = "<group>"; };
		3CCE3D5DFB96304D91AC7BF2 /* Charts.swift */ = {isa = PBXFileReference; lastKnownFileType = sourcecode.swift; path = Charts.swift; sourceTree = "<group>"; };
		3CF9695146CE7624CAEAC75C /* TurfmappExpenseReport.entitlements */ = {isa = PBXFileReference; lastKnownFileType = text.plist.entitlements; path = TurfmappExpenseReport.entitlements; sourceTree = "<group>"; };
		466EE58810E6FB5656121C98 /* FXAggregationTests.swift */ = {isa = PBXFileReference; lastKnownFileType = sourcecode.swift; path = FXAggregationTests.swift; sourceTree = "<group>"; };
		4DFD149BB0104E1ED7E06542 /* ExpensePresentationTests.swift */ = {isa = PBXFileReference; lastKnownFileType = sourcecode.swift; path = ExpensePresentationTests.swift; sourceTree = "<group>"; };
		4F7038F8122D513472A92656 /* ProfileView.swift */ = {isa = PBXFileReference; lastKnownFileType = sourcecode.swift; path = ProfileView.swift; sourceTree = "<group>"; };
		536DAABDF76A6F8DFD29DEEF /* RootShell.swift */ = {isa = PBXFileReference; lastKnownFileType = sourcecode.swift; path = RootShell.swift; sourceTree = "<group>"; };
		5B488DCADA8C68BFA0360E5C /* DomainDetailView.swift */ = {isa = PBXFileReference; lastKnownFileType = sourcecode.swift; path = DomainDetailView.swift; sourceTree = "<group>"; };
		5C39C2FBABF3E388FC35A3C4 /* th */ = {isa = PBXFileReference; lastKnownFileType = text.plist.strings; name = th; path = th.lproj/Localizable.strings; sourceTree = "<group>"; };
		5DA4C973EC4A0EC46FB9BA9D /* PermissionMatrixTests.swift */ = {isa = PBXFileReference; lastKnownFileType = sourcecode.swift; path = PermissionMatrixTests.swift; sourceTree = "<group>"; };
		5FC5205A5E412F3544FBF6C8 /* MockData.swift */ = {isa = PBXFileReference; lastKnownFileType = sourcecode.swift; path = MockData.swift; sourceTree = "<group>"; };
		649767E02DA13AB1CCBFD0E9 /* PermissionsView.swift */ = {isa = PBXFileReference; lastKnownFileType = sourcecode.swift; path = PermissionsView.swift; sourceTree = "<group>"; };
		65032653E0FA8C25647EE99C /* ExpenseWorkflowTests.swift */ = {isa = PBXFileReference; lastKnownFileType = sourcecode.swift; path = ExpenseWorkflowTests.swift; sourceTree = "<group>"; };
		67A7AB0D0FD25CE844CAF051 /* Info.plist */ = {isa = PBXFileReference; lastKnownFileType = text.plist; path = Info.plist; sourceTree = "<group>"; };
		67EC6D7BD90D039BB416ED74 /* ReviewView.swift */ = {isa = PBXFileReference; lastKnownFileType = sourcecode.swift; path = ReviewView.swift; sourceTree = "<group>"; };
		6ABE7DE6913E857B352AF659 /* AppEnvironment.swift */ = {isa = PBXFileReference; lastKnownFileType = sourcecode.swift; path = AppEnvironment.swift; sourceTree = "<group>"; };
		6D17D771B2C971AB6E5D3983 /* FeatureTour.swift */ = {isa = PBXFileReference; lastKnownFileType = sourcecode.swift; path = FeatureTour.swift; sourceTree = "<group>"; };
		6F096F243857EBABB4129FEC /* TurfmappExpenseReportApp.swift */ = {isa = PBXFileReference; lastKnownFileType = sourcecode.swift; path = TurfmappExpenseReportApp.swift; sourceTree = "<group>"; };
		7308954FD71CE684A0764452 /* DraftsCard.swift */ = {isa = PBXFileReference; lastKnownFileType = sourcecode.swift; path = DraftsCard.swift; sourceTree = "<group>"; };
		777BB0E474A49438A6041E44 /* SocialAuth.swift */ = {isa = PBXFileReference; lastKnownFileType = sourcecode.swift; path = SocialAuth.swift; sourceTree = "<group>"; };
		7DCA382B613E7898446D5C53 /* StatusPresentationTests.swift */ = {isa = PBXFileReference; lastKnownFileType = sourcecode.swift; path = StatusPresentationTests.swift; sourceTree = "<group>"; };
		7ED53BC4E511F04457682A55 /* BudgetTrackingTests.swift */ = {isa = PBXFileReference; lastKnownFileType = sourcecode.swift; path = BudgetTrackingTests.swift; sourceTree = "<group>"; };
		8941FC76E8EADAC392D24D4C /* BottomTabBar.swift */ = {isa = PBXFileReference; lastKnownFileType = sourcecode.swift; path = BottomTabBar.swift; sourceTree = "<group>"; };
		8AD5CF1776B4AC4DC5CEF654 /* GlassCard.swift */ = {isa = PBXFileReference; lastKnownFileType = sourcecode.swift; path = GlassCard.swift; sourceTree = "<group>"; };
		9D1A529E6050B7B6F915F71D /* V1Domain.swift */ = {isa = PBXFileReference; lastKnownFileType = sourcecode.swift; path = V1Domain.swift; sourceTree = "<group>"; };
		A2E1528C7366ED9C0B1743FF /* MockRepositories.swift */ = {isa = PBXFileReference; lastKnownFileType = sourcecode.swift; path = MockRepositories.swift; sourceTree = "<group>"; };
		A837937D2F03688BEFA10820 /* SheetScaffold.swift */ = {isa = PBXFileReference; lastKnownFileType = sourcecode.swift; path = SheetScaffold.swift; sourceTree = "<group>"; };
		BDF7A75B1F90F57756C02336 /* SocialAuthButtons.swift */ = {isa = PBXFileReference; lastKnownFileType = sourcecode.swift; path = SocialAuthButtons.swift; sourceTree = "<group>"; };
		BEE31180D60EFA1E623F42E8 /* WorkflowEdgeCaseTests.swift */ = {isa = PBXFileReference; lastKnownFileType = sourcecode.swift; path = WorkflowEdgeCaseTests.swift; sourceTree = "<group>"; };
		BFCEF355C532DA04E3146431 /* ActivityView.swift */ = {isa = PBXFileReference; lastKnownFileType = sourcecode.swift; path = ActivityView.swift; sourceTree = "<group>"; };
		CA4CB3A46FA47E4715A510B1 /* Avatar.swift */ = {isa = PBXFileReference; lastKnownFileType = sourcecode.swift; path = Avatar.swift; sourceTree = "<group>"; };
		D246FB0AA3C57CF36D9B46F7 /* RepositoryContracts.swift */ = {isa = PBXFileReference; lastKnownFileType = sourcecode.swift; path = RepositoryContracts.swift; sourceTree = "<group>"; };
		D53DEF6879D81BC1B1ED4918 /* ManagerOverviewView.swift */ = {isa = PBXFileReference; lastKnownFileType = sourcecode.swift; path = ManagerOverviewView.swift; sourceTree = "<group>"; };
		D6FB9F6D29FAAFB56DE2D00A /* TurfmappExpenseReportTests.xctest */ = {isa = PBXFileReference; includeInIndex = 0; lastKnownFileType = wrapper.cfbundle; path = TurfmappExpenseReportTests.xctest; sourceTree = BUILT_PRODUCTS_DIR; };
		DB435F138568CD4F6440FBDF /* DashboardView.swift */ = {isa = PBXFileReference; lastKnownFileType = sourcecode.swift; path = DashboardView.swift; sourceTree = "<group>"; };
		DBA109009158416677C78BCB /* Assets.xcassets */ = {isa = PBXFileReference; lastKnownFileType = folder.assetcatalog; path = Assets.xcassets; sourceTree = "<group>"; };
		DFC9332727178E8AD0815326 /* PrivacyInfo.xcprivacy */ = {isa = PBXFileReference; lastKnownFileType = text.xml; path = PrivacyInfo.xcprivacy; sourceTree = "<group>"; };
		E267442BEA226AA91190BCA2 /* SupabaseRepositories.swift */ = {isa = PBXFileReference; lastKnownFileType = sourcecode.swift; path = SupabaseRepositories.swift; sourceTree = "<group>"; };
		E6B134195922AD7F8925BE7C /* ReportPDFRenderer.swift */ = {isa = PBXFileReference; lastKnownFileType = sourcecode.swift; path = ReportPDFRenderer.swift; sourceTree = "<group>"; };
		E6C1348EECDE16A1827E2010 /* RepositoryAppState.swift */ = {isa = PBXFileReference; lastKnownFileType = sourcecode.swift; path = RepositoryAppState.swift; sourceTree = "<group>"; };
		EA14ACD9CE6B450907E4C1E5 /* en */ = {isa = PBXFileReference; lastKnownFileType = text.plist.strings; name = en; path = en.lproj/Localizable.strings; sourceTree = "<group>"; };
		EB3C217BB946FC793FCE5377 /* HomeView.swift */ = {isa = PBXFileReference; lastKnownFileType = sourcecode.swift; path = HomeView.swift; sourceTree = "<group>"; };
		FB786F0B93004A9DD24F8F97 /* ExpenseDetailSheets.swift */ = {isa = PBXFileReference; lastKnownFileType = sourcecode.swift; path = ExpenseDetailSheets.swift; sourceTree = "<group>"; };
		FF6E88799E3A97175A67C294 /* LocalizationManager.swift */ = {isa = PBXFileReference; lastKnownFileType = sourcecode.swift; path = LocalizationManager.swift; sourceTree = "<group>"; };
		FF8327C50FEE23C95BB2274C /* AppConfig.local.xcconfig.example */ = {isa = PBXFileReference; lastKnownFileType = text; path = AppConfig.local.xcconfig.example; sourceTree = "<group>"; };
/* End PBXFileReference section */

/* Begin PBXGroup section */
		1136C83044F9B0DD459B6AA6 /* TurfmappExpenseReportTests */ = {
			isa = PBXGroup;
			children = (
				7ED53BC4E511F04457682A55 /* BudgetTrackingTests.swift */,
				3593F38A94DB7C0CEF3BDD1F /* CurrencyConverterTests.swift */,
				4DFD149BB0104E1ED7E06542 /* ExpensePresentationTests.swift */,
				65032653E0FA8C25647EE99C /* ExpenseWorkflowTests.swift */,
				466EE58810E6FB5656121C98 /* FXAggregationTests.swift */,
				3C5CFE6D9BFCF255BF6E508B /* MoneyAmountTests.swift */,
				5DA4C973EC4A0EC46FB9BA9D /* PermissionMatrixTests.swift */,
				7DCA382B613E7898446D5C53 /* StatusPresentationTests.swift */,
				BEE31180D60EFA1E623F42E8 /* WorkflowEdgeCaseTests.swift */,
			);
			path = TurfmappExpenseReportTests;
			sourceTree = "<group>";
		};
		44F6938D37538A6A6E8E1ED8 = {
			isa = PBXGroup;
			children = (
				48547F9FA0B2C2253C3369F5 /* TurfmappExpenseReport */,
				1136C83044F9B0DD459B6AA6 /* TurfmappExpenseReportTests */,
				485B5985E214DEBC704737A9 /* Products */,
			);
			sourceTree = "<group>";
		};
		48547F9FA0B2C2253C3369F5 /* TurfmappExpenseReport */ = {
			isa = PBXGroup;
			children = (
				DBA109009158416677C78BCB /* Assets.xcassets */,
				67A7AB0D0FD25CE844CAF051 /* Info.plist */,
				DFC9332727178E8AD0815326 /* PrivacyInfo.xcprivacy */,
				3CF9695146CE7624CAEAC75C /* TurfmappExpenseReport.entitlements */,
				6F096F243857EBABB4129FEC /* TurfmappExpenseReportApp.swift */,
				5DB722DD20EF464B46CAF8A1 /* Components */,
				7B8012651CA7FE1D3BCB2FCC /* Config */,
				B5B7260E49760133DEAE5D3B /* Mock */,
				88620CAAF6200DD5130B19A9 /* Models */,
				766C814DEDA25690B1451365 /* Resources */,
				D30D072DBA32AA7E4851FDAB /* Screens */,
				BB78D8D60D2F7FBE1B46EEB9 /* Shell */,
				55D6DCDB63472D3C1443D2BA /* Supabase */,
				4E1E2D371A9F9741A3AA5F29 /* Theme */,
			);
			path = TurfmappExpenseReport;
			sourceTree = "<group>";
		};
		485B5985E214DEBC704737A9 /* Products */ = {
			isa = PBXGroup;
			children = (
				2360D5D3F26299AE4D322585 /* TurfmappExpenseReport.app */,
				D6FB9F6D29FAAFB56DE2D00A /* TurfmappExpenseReportTests.xctest */,
			);
			name = Products;
			sourceTree = "<group>";
		};
		4E1E2D371A9F9741A3AA5F29 /* Theme */ = {
			isa = PBXGroup;
			children = (
				6ABE7DE6913E857B352AF659 /* AppEnvironment.swift */,
				29437C36AF260B6783FA3947 /* AppTheme.swift */,
				FF6E88799E3A97175A67C294 /* LocalizationManager.swift */,
				E6C1348EECDE16A1827E2010 /* RepositoryAppState.swift */,
				2C580869F5B6FF78D1128C4E /* Tokens.swift */,
			);
			path = Theme;
			sourceTree = "<group>";
		};
		55D6DCDB63472D3C1443D2BA /* Supabase */ = {
			isa = PBXGroup;
			children = (
				777BB0E474A49438A6041E44 /* SocialAuth.swift */,
				E267442BEA226AA91190BCA2 /* SupabaseRepositories.swift */,
			);
			path = Supabase;
			sourceTree = "<group>";
		};
		5DB722DD20EF464B46CAF8A1 /* Components */ = {
			isa = PBXGroup;
			children = (
				CA4CB3A46FA47E4715A510B1 /* Avatar.swift */,
				3CCE3D5DFB96304D91AC7BF2 /* Charts.swift */,
				7308954FD71CE684A0764452 /* DraftsCard.swift */,
				8AD5CF1776B4AC4DC5CEF654 /* GlassCard.swift */,
				A837937D2F03688BEFA10820 /* SheetScaffold.swift */,
				231934AADFA8013182DE19B6 /* StatusPill.swift */,
			);
			path = Components;
			sourceTree = "<group>";
		};
		766C814DEDA25690B1451365 /* Resources */ = {
			isa = PBXGroup;
			children = (
				3934E66267FB647ABA10BE72 /* Localizable.strings */,
			);
			path = Resources;
			sourceTree = "<group>";
		};
		7B8012651CA7FE1D3BCB2FCC /* Config */ = {
			isa = PBXGroup;
			children = (
				FF8327C50FEE23C95BB2274C /* AppConfig.local.xcconfig.example */,
			);
			path = Config;
			sourceTree = "<group>";
		};
		88620CAAF6200DD5130B19A9 /* Models */ = {
			isa = PBXGroup;
			children = (
				1318FEF50B5EA3EAB23F8E7F /* CurrencyConverter.swift */,
				0B483F7B06ED933848952D5F /* DomainPresentation.swift */,
				057E30DAAC213F6C11654F4F /* ExpenseWorkflow.swift */,
				0E14C7927495CDE1F99FD155 /* Models.swift */,
				D246FB0AA3C57CF36D9B46F7 /* RepositoryContracts.swift */,
				9D1A529E6050B7B6F915F71D /* V1Domain.swift */,
			);
			path = Models;
			sourceTree = "<group>";
		};
		B5B7260E49760133DEAE5D3B /* Mock */ = {
			isa = PBXGroup;
			children = (
				5FC5205A5E412F3544FBF6C8 /* MockData.swift */,
				A2E1528C7366ED9C0B1743FF /* MockRepositories.swift */,
			);
			path = Mock;
			sourceTree = "<group>";
		};
		BB78D8D60D2F7FBE1B46EEB9 /* Shell */ = {
			isa = PBXGroup;
			children = (
				022A372760DA74B70F88A83C /* AppDelegate.swift */,
				8941FC76E8EADAC392D24D4C /* BottomTabBar.swift */,
				25E2BA8292189321FFEBB345 /* ErrorToast.swift */,
				6D17D771B2C971AB6E5D3983 /* FeatureTour.swift */,
				2F5EE3FE32C4F519E6DA9F5F /* OnboardingFlow.swift */,
				536DAABDF76A6F8DFD29DEEF /* RootShell.swift */,
				BDF7A75B1F90F57756C02336 /* SocialAuthButtons.swift */,
			);
			path = Shell;
			sourceTree = "<group>";
		};
		D30D072DBA32AA7E4851FDAB /* Screens */ = {
			isa = PBXGroup;
			children = (
				BFCEF355C532DA04E3146431 /* ActivityView.swift */,
				DB435F138568CD4F6440FBDF /* DashboardView.swift */,
				5B488DCADA8C68BFA0360E5C /* DomainDetailView.swift */,
				FB786F0B93004A9DD24F8F97 /* ExpenseDetailSheets.swift */,
				EB3C217BB946FC793FCE5377 /* HomeView.swift */,
				38CFAE9C5DE3B638DCBBB2C0 /* ManageProjectsView.swift */,
				D53DEF6879D81BC1B1ED4918 /* ManagerOverviewView.swift */,
				649767E02DA13AB1CCBFD0E9 /* PermissionsView.swift */,
				4F7038F8122D513472A92656 /* ProfileView.swift */,
				E6B134195922AD7F8925BE7C /* ReportPDFRenderer.swift */,
				67EC6D7BD90D039BB416ED74 /* ReviewView.swift */,
				38494852C1A233217A4B4CAF /* SubmitView.swift */,
			);
			path = Screens;
			sourceTree = "<group>";
		};
/* End PBXGroup section */

/* Begin PBXNativeTarget section */
		3A83A050FE5E3DBFBF66E840 /* TurfmappExpenseReportTests */ = {
			isa = PBXNativeTarget;
			buildConfigurationList = B217135395ACA70910FEF551 /* Build configuration list for PBXNativeTarget "TurfmappExpenseReportTests" */;
			buildPhases = (
				9B01C67315F2571059E403DC /* Sources */,
			);
			buildRules = (
			);
			dependencies = (
				5268E7F8EC5FC72F37542F85 /* PBXTargetDependency */,
			);
			name = TurfmappExpenseReportTests;
			packageProductDependencies = (
			);
			productName = TurfmappExpenseReportTests;
			productReference = D6FB9F6D29FAAFB56DE2D00A /* TurfmappExpenseReportTests.xctest */;
			productType = "com.apple.product-type.bundle.unit-test";
		};
		5A5AD32FED04F0A458E19D94 /* TurfmappExpenseReport */ = {
			isa = PBXNativeTarget;
			buildConfigurationList = AECC96C6B49592636DAA2690 /* Build configuration list for PBXNativeTarget "TurfmappExpenseReport" */;
			buildPhases = (
				39D23ACF89142504A598BFB1 /* Sources */,
				AFD5043A5FC004B22AC9DB98 /* Resources */,
			);
			buildRules = (
			);
			dependencies = (
			);
			name = TurfmappExpenseReport;
			packageProductDependencies = (
			);
			productName = TurfmappExpenseReport;
			productReference = 2360D5D3F26299AE4D322585 /* TurfmappExpenseReport.app */;
			productType = "com.apple.product-type.application";
		};
/* End PBXNativeTarget section */

/* Begin PBXProject section */
		F87CD921F1B2C226CD91519C /* Project object */ = {
			isa = PBXProject;
			attributes = {
				BuildIndependentTargetsInParallel = YES;
				LastUpgradeCheck = 1430;
				TargetAttributes = {
					3A83A050FE5E3DBFBF66E840 = {
						DevelopmentTeam = HAS8MJEJM2;
					};
					5A5AD32FED04F0A458E19D94 = {
						DevelopmentTeam = HAS8MJEJM2;
					};
				};
			};
			buildConfigurationList = 5FF16B6260869449D82C0F27 /* Build configuration list for PBXProject "TurfmappExpenseReport" */;
			developmentRegion = en;
			hasScannedForEncodings = 0;
			knownRegions = (
				Base,
				en,
				th,
			);
			mainGroup = 44F6938D37538A6A6E8E1ED8;
			minimizedProjectReferenceProxies = 1;
			preferredProjectObjectVersion = 77;
			productRefGroup = 485B5985E214DEBC704737A9 /* Products */;
			projectDirPath = "";
			projectRoot = "";
			targets = (
				5A5AD32FED04F0A458E19D94 /* TurfmappExpenseReport */,
				3A83A050FE5E3DBFBF66E840 /* TurfmappExpenseReportTests */,
			);
		};
/* End PBXProject section */

/* Begin PBXResourcesBuildPhase section */
		AFD5043A5FC004B22AC9DB98 /* Resources */ = {
			isa = PBXResourcesBuildPhase;
			buildActionMask = 2147483647;
			files = (
				0982BE8186C0B5D411254834 /* AppConfig.local.xcconfig.example in Resources */,
				EBDA7A1CA4F408572CA28FAB /* Assets.xcassets in Resources */,
				555469A5FCC5089B0EE32506 /* Localizable.strings in Resources */,
				4D237D0C9EBF4614E552C27D /* PrivacyInfo.xcprivacy in Resources */,
			);
			runOnlyForDeploymentPostprocessing = 0;
		};
/* End PBXResourcesBuildPhase section */

/* Begin PBXSourcesBuildPhase section */
		39D23ACF89142504A598BFB1 /* Sources */ = {
			isa = PBXSourcesBuildPhase;
			buildActionMask = 2147483647;
			files = (
				D577E2515650656DF3A7B9F5 /* ActivityView.swift in Sources */,
				F3D5762DEDA636BC548F7302 /* AppDelegate.swift in Sources */,
				33D75A9DB439478097014021 /* AppEnvironment.swift in Sources */,
				27BE218D218C12D24E764985 /* AppTheme.swift in Sources */,
				5A6E411E3F13C60CE06D5433 /* Avatar.swift in Sources */,
				73A10FB553C3D1261061CB5D /* BottomTabBar.swift in Sources */,
				C6DD40BF0F22226F17CD100B /* Charts.swift in Sources */,
				EB6D7FEB39BE53D706FD6259 /* CurrencyConverter.swift in Sources */,
				4DDED493FFFA0D6DAAFE572B /* DashboardView.swift in Sources */,
				D81A57A8F08D8D3AD7B5844E /* DomainDetailView.swift in Sources */,
				A9F8FDD9BFBD4C1BEC6A4ABF /* DomainPresentation.swift in Sources */,
				033FAA81CA463676F32438FF /* DraftsCard.swift in Sources */,
				546EE9DDF80D2E7BCE725870 /* ErrorToast.swift in Sources */,
				FB7E8551063B68B57E87D042 /* ExpenseDetailSheets.swift in Sources */,
				2F34697B2E31FBBCFBE5DAA8 /* ExpenseWorkflow.swift in Sources */,
				569C68CB4BF98A9C5E3B84D5 /* FeatureTour.swift in Sources */,
				40834B5A7CB85792D6B041B7 /* GlassCard.swift in Sources */,
				2493E01868B610DD3193D13D /* HomeView.swift in Sources */,
				916271724F6586B58CC7D66C /* LocalizationManager.swift in Sources */,
				2A38DBEAE2ACA435E822BB54 /* ManageProjectsView.swift in Sources */,
				16AFC42C4F44934D90CD8C68 /* ManagerOverviewView.swift in Sources */,
				CC9FDDC6A08A8B2C2D9A3B8A /* MockData.swift in Sources */,
				88A127235B82BCB09DDEAC7C /* MockRepositories.swift in Sources */,
				F2A21797BBFB2DFBB4576CA6 /* Models.swift in Sources */,
				7B5B624A8A5048AEBDC306D7 /* OnboardingFlow.swift in Sources */,
				5FB4E6907640C710222DF67F /* PermissionsView.swift in Sources */,
				0581D62D224E38D8E3201A9D /* ProfileView.swift in Sources */,
				0BB124B943DB99FE4645B745 /* ReportPDFRenderer.swift in Sources */,
				7448C44EE0C996244E94403C /* RepositoryAppState.swift in Sources */,
				7E9A53D69CC02AA267DE44B4 /* RepositoryContracts.swift in Sources */,
				1EBDAF336E8CB243B5BF07D1 /* ReviewView.swift in Sources */,
				5D5D8C1FC9CA7F24D41815A7 /* RootShell.swift in Sources */,
				E2AEB90BAA59D991DEBC2879 /* SheetScaffold.swift in Sources */,
				31D7DA90A3344E0B9C7C0A18 /* SocialAuth.swift in Sources */,
				BFBB382222740FBED587AC44 /* SocialAuthButtons.swift in Sources */,
				443FA1297503350D3A53D578 /* StatusPill.swift in Sources */,
				98000D0F105320FD2AEF70B2 /* SubmitView.swift in Sources */,
				D9CB48D5495FA003F53A9239 /* SupabaseRepositories.swift in Sources */,
				E4E2E3CF2031D2A9C6B0A3CD /* Tokens.swift in Sources */,
				0151543DF9C962D18EA3EA2A /* TurfmappExpenseReportApp.swift in Sources */,
				C74D1D05A2740E2F343FCA4D /* V1Domain.swift in Sources */,
			);
			runOnlyForDeploymentPostprocessing = 0;
		};
		9B01C67315F2571059E403DC /* Sources */ = {
			isa = PBXSourcesBuildPhase;
			buildActionMask = 2147483647;
			files = (
				F942E039A6A466F2799EE142 /* BudgetTrackingTests.swift in Sources */,
				67ED7DE76414015E057C2A14 /* CurrencyConverterTests.swift in Sources */,
				880939B2325C01B52314CBAD /* ExpensePresentationTests.swift in Sources */,
				316F8FA301DEBD3B60C8FE6C /* ExpenseWorkflowTests.swift in Sources */,
				8A947B9E1950ADE1A9284C78 /* FXAggregationTests.swift in Sources */,
				020D61D76EEC8BD918D7AA6F /* MoneyAmountTests.swift in Sources */,
				45A49085C87D7679952C460E /* PermissionMatrixTests.swift in Sources */,
				6AB7179CAE8A2F529FDB3B08 /* StatusPresentationTests.swift in Sources */,
				8858609ADB8E2DD0999CB960 /* WorkflowEdgeCaseTests.swift in Sources */,
			);
			runOnlyForDeploymentPostprocessing = 0;
		};
/* End PBXSourcesBuildPhase section */

/* Begin PBXTargetDependency section */
		5268E7F8EC5FC72F37542F85 /* PBXTargetDependency */ = {
			isa = PBXTargetDependency;
			target = 5A5AD32FED04F0A458E19D94 /* TurfmappExpenseReport */;
			targetProxy = 2489748B8DC8B5DDB241B1AC /* PBXContainerItemProxy */;
		};
/* End PBXTargetDependency section */

/* Begin PBXVariantGroup section */
		3934E66267FB647ABA10BE72 /* Localizable.strings */ = {
			isa = PBXVariantGroup;
			children = (
				EA14ACD9CE6B450907E4C1E5 /* en */,
				5C39C2FBABF3E388FC35A3C4 /* th */,
			);
			name = Localizable.strings;
			sourceTree = "<group>";
		};
/* End PBXVariantGroup section */

/* Begin XCBuildConfiguration section */
		11A1BEF93B93FA9F0B378949 /* Release */ = {
			isa = XCBuildConfiguration;
			buildSettings = {
				ASSETCATALOG_COMPILER_APPICON_NAME = AppIcon;
				CODE_SIGN_ENTITLEMENTS = TurfmappExpenseReport/TurfmappExpenseReport.entitlements;
				CODE_SIGN_IDENTITY = "iPhone Developer";
				CURRENT_PROJECT_VERSION = 2;
				INFOPLIST_FILE = TurfmappExpenseReport/Info.plist;
				IPHONEOS_DEPLOYMENT_TARGET = 26.0;
				LD_RUNPATH_SEARCH_PATHS = (
					"$(inherited)",
					"@executable_path/Frameworks",
				);
				MARKETING_VERSION = 1.7;
				PRODUCT_BUNDLE_IDENTIFIER = "com.turfmapp.expense-report";
				SDKROOT = iphoneos;
				TARGETED_DEVICE_FAMILY = "1,2";
			};
			name = Release;
		};
		3C744D572FCC56BF4B1D4F85 /* Release */ = {
			isa = XCBuildConfiguration;
			buildSettings = {
				BUNDLE_LOADER = "$(TEST_HOST)";
				GENERATE_INFOPLIST_FILE = YES;
				IPHONEOS_DEPLOYMENT_TARGET = 26.0;
				LD_RUNPATH_SEARCH_PATHS = (
					"$(inherited)",
					"@executable_path/Frameworks",
					"@loader_path/Frameworks",
				);
				PRODUCT_BUNDLE_IDENTIFIER = "com.turfmapp.expense-report.tests";
				SDKROOT = iphoneos;
				TARGETED_DEVICE_FAMILY = "1,2";
				TEST_HOST = "$(BUILT_PRODUCTS_DIR)/TurfmappExpenseReport.app/TurfmappExpenseReport";
			};
			name = Release;
		};
		423C79A37A79791C51799F8C /* Release */ = {
			isa = XCBuildConfiguration;
			buildSettings = {
				ALWAYS_SEARCH_USER_PATHS = NO;
				CLANG_ANALYZER_NONNULL = YES;
				CLANG_ANALYZER_NUMBER_OBJECT_CONVERSION = YES_AGGRESSIVE;
				CLANG_CXX_LANGUAGE_STANDARD = "gnu++14";
				CLANG_CXX_LIBRARY = "libc++";
				CLANG_ENABLE_MODULES = YES;
				CLANG_ENABLE_OBJC_ARC = YES;
				CLANG_ENABLE_OBJC_WEAK = YES;
				CLANG_WARN_BLOCK_CAPTURE_AUTORELEASING = YES;
				CLANG_WARN_BOOL_CONVERSION = YES;
				CLANG_WARN_COMMA = YES;
				CLANG_WARN_CONSTANT_CONVERSION = YES;
				CLANG_WARN_DEPRECATED_OBJC_IMPLEMENTATIONS = YES;
				CLANG_WARN_DIRECT_OBJC_ISA_USAGE = YES_ERROR;
				CLANG_WARN_DOCUMENTATION_COMMENTS = YES;
				CLANG_WARN_EMPTY_BODY = YES;
				CLANG_WARN_ENUM_CONVERSION = YES;
				CLANG_WARN_INFINITE_RECURSION = YES;
				CLANG_WARN_INT_CONVERSION = YES;
				CLANG_WARN_NON_LITERAL_NULL_CONVERSION = YES;
				CLANG_WARN_OBJC_IMPLICIT_RETAIN_SELF = YES;
				CLANG_WARN_OBJC_LITERAL_CONVERSION = YES;
				CLANG_WARN_OBJC_ROOT_CLASS = YES_ERROR;
				CLANG_WARN_QUOTED_INCLUDE_IN_FRAMEWORK_HEADER = YES;
				CLANG_WARN_RANGE_LOOP_ANALYSIS = YES;
				CLANG_WARN_STRICT_PROTOTYPES = YES;
				CLANG_WARN_SUSPICIOUS_MOVE = YES;
				CLANG_WARN_UNGUARDED_AVAILABILITY = YES_AGGRESSIVE;
				CLANG_WARN_UNREACHABLE_CODE = YES;
				CLANG_WARN__DUPLICATE_METHOD_MATCH = YES;
				CODE_SIGN_IDENTITY = "iPhone Developer";
				COPY_PHASE_STRIP = NO;
				DEBUG_INFORMATION_FORMAT = "dwarf-with-dsym";
				DEVELOPMENT_TEAM = HAS8MJEJM2;
				ENABLE_NS_ASSERTIONS = NO;
				ENABLE_STRICT_OBJC_MSGSEND = YES;
				GCC_C_LANGUAGE_STANDARD = gnu11;
				GCC_NO_COMMON_BLOCKS = YES;
				GCC_WARN_64_TO_32_BIT_CONVERSION = YES;
				GCC_WARN_ABOUT_RETURN_TYPE = YES_ERROR;
				GCC_WARN_UNDECLARED_SELECTOR = YES;
				GCC_WARN_UNINITIALIZED_AUTOS = YES_AGGRESSIVE;
				GCC_WARN_UNUSED_FUNCTION = YES;
				GCC_WARN_UNUSED_VARIABLE = YES;
				IPHONEOS_DEPLOYMENT_TARGET = 26.0;
				MTL_ENABLE_DEBUG_INFO = NO;
				MTL_FAST_MATH = YES;
				PRODUCT_NAME = "$(TARGET_NAME)";
				SDKROOT = iphoneos;
				SWIFT_COMPILATION_MODE = wholemodule;
				SWIFT_OPTIMIZATION_LEVEL = "-O";
				SWIFT_VERSION = 6.0;
				TARGETED_DEVICE_FAMILY = "1,2";
			};
			name = Release;
		};
		6B800AADDAD6FF93295B155C /* Debug */ = {
			isa = XCBuildConfiguration;
			buildSettings = {
				ALWAYS_SEARCH_USER_PATHS = NO;
				CLANG_ANALYZER_NONNULL = YES;
				CLANG_ANALYZER_NUMBER_OBJECT_CONVERSION = YES_AGGRESSIVE;
				CLANG_CXX_LANGUAGE_STANDARD = "gnu++14";
				CLANG_CXX_LIBRARY = "libc++";
				CLANG_ENABLE_MODULES = YES;
				CLANG_ENABLE_OBJC_ARC = YES;
				CLANG_ENABLE_OBJC_WEAK = YES;
				CLANG_WARN_BLOCK_CAPTURE_AUTORELEASING = YES;
				CLANG_WARN_BOOL_CONVERSION = YES;
				CLANG_WARN_COMMA = YES;
				CLANG_WARN_CONSTANT_CONVERSION = YES;
				CLANG_WARN_DEPRECATED_OBJC_IMPLEMENTATIONS = YES;
				CLANG_WARN_DIRECT_OBJC_ISA_USAGE = YES_ERROR;
				CLANG_WARN_DOCUMENTATION_COMMENTS = YES;
				CLANG_WARN_EMPTY_BODY = YES;
				CLANG_WARN_ENUM_CONVERSION = YES;
				CLANG_WARN_INFINITE_RECURSION = YES;
				CLANG_WARN_INT_CONVERSION = YES;
				CLANG_WARN_NON_LITERAL_NULL_CONVERSION = YES;
				CLANG_WARN_OBJC_IMPLICIT_RETAIN_SELF = YES;
				CLANG_WARN_OBJC_LITERAL_CONVERSION = YES;
				CLANG_WARN_OBJC_ROOT_CLASS = YES_ERROR;
				CLANG_WARN_QUOTED_INCLUDE_IN_FRAMEWORK_HEADER = YES;
				CLANG_WARN_RANGE_LOOP_ANALYSIS = YES;
				CLANG_WARN_STRICT_PROTOTYPES = YES;
				CLANG_WARN_SUSPICIOUS_MOVE = YES;
				CLANG_WARN_UNGUARDED_AVAILABILITY = YES_AGGRESSIVE;
				CLANG_WARN_UNREACHABLE_CODE = YES;
				CLANG_WARN__DUPLICATE_METHOD_MATCH = YES;
				CODE_SIGN_IDENTITY = "iPhone Developer";
				COPY_PHASE_STRIP = NO;
				DEBUG_INFORMATION_FORMAT = dwarf;
				DEVELOPMENT_TEAM = HAS8MJEJM2;
				ENABLE_STRICT_OBJC_MSGSEND = YES;
				ENABLE_TESTABILITY = YES;
				GCC_C_LANGUAGE_STANDARD = gnu11;
				GCC_DYNAMIC_NO_PIC = NO;
				GCC_NO_COMMON_BLOCKS = YES;
				GCC_OPTIMIZATION_LEVEL = 0;
				GCC_PREPROCESSOR_DEFINITIONS = (
					"$(inherited)",
					"DEBUG=1",
				);
				GCC_WARN_64_TO_32_BIT_CONVERSION = YES;
				GCC_WARN_ABOUT_RETURN_TYPE = YES_ERROR;
				GCC_WARN_UNDECLARED_SELECTOR = YES;
				GCC_WARN_UNINITIALIZED_AUTOS = YES_AGGRESSIVE;
				GCC_WARN_UNUSED_FUNCTION = YES;
				GCC_WARN_UNUSED_VARIABLE = YES;
				IPHONEOS_DEPLOYMENT_TARGET = 26.0;
				MTL_ENABLE_DEBUG_INFO = INCLUDE_SOURCE;
				MTL_FAST_MATH = YES;
				ONLY_ACTIVE_ARCH = YES;
				PRODUCT_NAME = "$(TARGET_NAME)";
				SDKROOT = iphoneos;
				SWIFT_ACTIVE_COMPILATION_CONDITIONS = DEBUG;
				SWIFT_OPTIMIZATION_LEVEL = "-Onone";
				SWIFT_VERSION = 6.0;
				TARGETED_DEVICE_FAMILY = "1,2";
			};
			name = Debug;
		};
		6E2E4A266ABBD5DAB01B75DE /* Debug */ = {
			isa = XCBuildConfiguration;
			buildSettings = {
				ASSETCATALOG_COMPILER_APPICON_NAME = AppIcon;
				CODE_SIGN_ENTITLEMENTS = TurfmappExpenseReport/TurfmappExpenseReport.entitlements;
				CODE_SIGN_IDENTITY = "iPhone Developer";
				CURRENT_PROJECT_VERSION = 2;
				INFOPLIST_FILE = TurfmappExpenseReport/Info.plist;
				IPHONEOS_DEPLOYMENT_TARGET = 26.0;
				LD_RUNPATH_SEARCH_PATHS = (
					"$(inherited)",
					"@executable_path/Frameworks",
				);
				MARKETING_VERSION = 1.7;
				PRODUCT_BUNDLE_IDENTIFIER = "com.turfmapp.expense-report";
				SDKROOT = iphoneos;
				TARGETED_DEVICE_FAMILY = "1,2";
			};
			name = Debug;
		};
		7AB7AD72F435CB71F9BD97A3 /* Debug */ = {
			isa = XCBuildConfiguration;
			buildSettings = {
				BUNDLE_LOADER = "$(TEST_HOST)";
				GENERATE_INFOPLIST_FILE = YES;
				IPHONEOS_DEPLOYMENT_TARGET = 26.0;
				LD_RUNPATH_SEARCH_PATHS = (
					"$(inherited)",
					"@executable_path/Frameworks",
					"@loader_path/Frameworks",
				);
				PRODUCT_BUNDLE_IDENTIFIER = "com.turfmapp.expense-report.tests";
				SDKROOT = iphoneos;
				TARGETED_DEVICE_FAMILY = "1,2";
				TEST_HOST = "$(BUILT_PRODUCTS_DIR)/TurfmappExpenseReport.app/TurfmappExpenseReport";
			};
			name = Debug;
		};
/* End XCBuildConfiguration section */

/* Begin XCConfigurationList section */
		5FF16B6260869449D82C0F27 /* Build configuration list for PBXProject "TurfmappExpenseReport" */ = {
			isa = XCConfigurationList;
			buildConfigurations = (
				6B800AADDAD6FF93295B155C /* Debug */,
				423C79A37A79791C51799F8C /* Release */,
			);
			defaultConfigurationIsVisible = 0;
			defaultConfigurationName = Debug;
		};
		AECC96C6B49592636DAA2690 /* Build configuration list for PBXNativeTarget "TurfmappExpenseReport" */ = {
			isa = XCConfigurationList;
			buildConfigurations = (
				6E2E4A266ABBD5DAB01B75DE /* Debug */,
				11A1BEF93B93FA9F0B378949 /* Release */,
			);
			defaultConfigurationIsVisible = 0;
			defaultConfigurationName = Debug;
		};
		B217135395ACA70910FEF551 /* Build configuration list for PBXNativeTarget "TurfmappExpenseReportTests" */ = {
			isa = XCConfigurationList;
			buildConfigurations = (
				7AB7AD72F435CB71F9BD97A3 /* Debug */,
				3C744D572FCC56BF4B1D4F85 /* Release */,
			);
			defaultConfigurationIsVisible = 0;
			defaultConfigurationName = Debug;
		};
/* End XCConfigurationList section */
	};
	rootObject = F87CD921F1B2C226CD91519C /* Project object */;
}
